
Microsoft Visual Studio Solution File, Format Version 12.00
# Visual Studio Version 16
VisualStudioVersion = 16.0.29519.181
MinimumVisualStudioVersion = 10.0.40219.1
Project("{FAE04EC0-301F-11D3-BF4B-00C04F79EFBC}") = "Notes.Android", "Notes.Android\Notes.Android.csproj", "{A24A7052-995D-4358-BE43-F18798A7B2DF}"
EndProject
Project("{FAE04EC0-301F-11D3-BF4B-00C04F79EFBC}") = "Notes.iOS", "Notes.iOS\Notes.iOS.csproj", "{C5D660E5-3E7A-4923-910A-4286E31B81B6}"
EndProject
Project("{FAE04EC0-301F-11D3-BF4B-00C04F79EFBC}") = "Notes", "Notes\Notes.csproj", "{8B9CC936-5AB7-44C9-8575-052603D19F02}"
EndProject
Global
	GlobalSection(SolutionConfigurationPlatforms) = preSolution
		Debug|Any CPU = Debug|Any CPU
		Debug|iPhone = Debug|iPhone
		Debug|iPhoneSimulator = Debug|iPhoneSimulator
		Release|Any CPU = Release|Any CPU
		Release|iPhone = Release|iPhone
		Release|iPhoneSimulator = Release|iPhoneSimulator
	EndGlobalSection
	GlobalSection(ProjectConfigurationPlatforms) = postSolution
		{A24A7052-995D-4358-BE43-F18798A7B2DF}.Debug|Any CPU.ActiveCfg = Debug|Any CPU
		{A24A7052-995D-4358-BE43-F18798A7B2DF}.Debug|Any CPU.Build.0 = Debug|Any CPU
		{A24A7052-995D-4358-BE43-F18798A7B2DF}.Debug|Any CPU.Deploy.0 = Debug|Any CPU
		{A24A7052-995D-4358-BE43-F18798A7B2DF}.Debug|iPhone.ActiveCfg = Debug|Any CPU
		{A24A7052-995D-4358-BE43-F18798A7B2DF}.Debug|iPhone.Build.0 = Debug|Any CPU
		{A24A7052-995D-4358-BE43-F18798A7B2DF}.Debug|iPhone.Deploy.0 = Debug|Any CPU
		{A24A7052-995D-4358-BE43-F18798A7B2DF}.Debug|iPhoneSimulator.ActiveCfg = Debug|Any CPU
		{A24A7052-995D-4358-BE43-F18798A7B2DF}.Debug|iPhoneSimulator.Build.0 = Debug|Any CPU
		{A24A7052-995D-4358-BE43-F18798A7B2DF}.Debug|iPhoneSimulator.Deploy.0 = Debug|Any CPU
		{A24A7052-995D-4358-BE43-F18798A7B2DF}.Release|Any CPU.ActiveCfg = Release|Any CPU
		{A24A7052-995D-4358-BE43-F18798A7B2DF}.Release|Any CPU.Build.0 = Release|Any CPU
		{A24A7052-995D-4358-BE43-F18798A7B2DF}.Release|Any CPU.Deploy.0 = Release|Any CPU
		{A24A7052-995D-4358-BE43-F18798A7B2DF}.Release|iPhone.ActiveCfg = Release|Any CPU
		{A24A7052-995D-4358-BE43-F18798A7B2DF}.Release|iPhone.Build.0 = Release|Any CPU
		{A24A7052-995D-4358-BE43-F18798A7B2DF}.Release|iPhone.Deploy.0 = Release|Any CPU
		{A24A7052-995D-4358-BE43-F18798A7B2DF}.Release|iPhoneSimulator.ActiveCfg = Release|Any CPU
		{A24A7052-995D-4358-BE43-F18798A7B2DF}.Release|iPhoneSimulator.Build.0 = Release|Any CPU
		{A24A7052-995D-4358-BE43-F18798A7B2DF}.Release|iPhoneSimulator.Deploy.0 = Release|Any CPU
		{C5D660E5-3E7A-4923-910A-4286E31B81B6}.Debug|Any CPU.ActiveCfg = Debug|iPhoneSimulator
		{C5D660E5-3E7A-4923-910A-4286E31B81B6}.Debug|Any CPU.Build.0 = Debug|iPhoneSimulator
		{C5D660E5-3E7A-4923-910A-4286E31B81B6}.Debug|Any CPU.Deploy.0 = Debug|iPhoneSimulator
		{C5D660E5-3E7A-4923-910A-4286E31B81B6}.Debug|iPhone.ActiveCfg = Debug|iPhone
		{C5D660E5-3E7A-4923-910A-4286E31B81B6}.Debug|iPhone.Build.0 = Debug|iPhone
		{C5D660E5-3E7A-4923-910A-4286E31B81B6}.Debug|iPhone.Deploy.0 = Debug|iPhone
		{C5D660E5-3E7A-4923-910A-4286E31B81B6}.Debug|iPhoneSimulator.ActiveCfg = Debug|iPhoneSimulator
		{C5D660E5-3E7A-4923-910A-4286E31B81B6}.Debug|iPhoneSimulator.Build.0 = Debug|iPhoneSimulator
		{C5D660E5-3E7A-4923-910A-4286E31B81B6}.Debug|iPhoneSimulator.Deploy.0 = Debug|iPhoneSimulator
		{C5D660E5-3E7A-4923-910A-4286E31B81B6}.Release|Any CPU.ActiveCfg = Release|iPhone
		{C5D660E5-3E7A-4923-910A-4286E31B81B6}.Release|Any CPU.Build.0 = Release|iPhone
		{C5D660E5-3E7A-4923-910A-4286E31B81B6}.Release|Any CPU.Deploy.0 = Release|iPhone
		{C5D660E5-3E7A-4923-910A-4286E31B81B6}.Release|iPhone.ActiveCfg = Release|iPhone
		{C5D660E5-3E7A-4923-910A-4286E31B81B6}.Release|iPhone.Build.0 = Release|iPhone
		{C5D660E5-3E7A-4923-910A-4286E31B81B6}.Release|iPhone.Deploy.0 = Release|iPhone
		{C5D660E5-3E7A-4923-910A-4286E31B81B6}.Release|iPhoneSimulator.ActiveCfg = Release|iPhoneSimulator
		{C5D660E5-3E7A-4923-910A-4286E31B81B6}.Release|iPhoneSimulator.Build.0 = Release|iPhoneSimulator
		{C5D660E5-3E7A-4923-910A-4286E31B81B6}.Release|iPhoneSimulator.Deploy.0 = Release|iPhoneSimulator
		{8B9CC936-5AB7-44C9-8575-052603D19F02}.Debug|Any CPU.ActiveCfg = Debug|Any CPU
		{8B9CC936-5AB7-44C9-8575-052603D19F02}.Debug|Any CPU.Build.0 = Debug|Any CPU
		{8B9CC936-5AB7-44C9-8575-052603D19F02}.Debug|Any CPU.Deploy.0 = Debug|Any CPU
		{8B9CC936-5AB7-44C9-8575-052603D19F02}.Debug|iPhone.ActiveCfg = Debug|Any CPU
		{8B9CC936-5AB7-44C9-8575-052603D19F02}.Debug|iPhone.Build.0 = Debug|Any CPU
		{8B9CC936-5AB7-44C9-8575-052603D19F02}.Debug|iPhone.Deploy.0 = Debug|Any CPU
		{8B9CC936-5AB7-44C9-8575-052603D19F02}.Debug|iPhoneSimulator.ActiveCfg = Debug|Any CPU
		{8B9CC936-5AB7-44C9-8575-052603D19F02}.Debug|iPhoneSimulator.Build.0 = Debug|Any CPU
		{8B9CC936-5AB7-44C9-8575-052603D19F02}.Debug|iPhoneSimulator.Deploy.0 = Debug|Any CPU
		{8B9CC936-5AB7-44C9-8575-052603D19F02}.Release|Any CPU.ActiveCfg = Release|Any CPU
		{8B9CC936-5AB7-44C9-8575-052603D19F02}.Release|Any CPU.Build.0 = Release|Any CPU
		{8B9CC936-5AB7-44C9-8575-052603D19F02}.Release|Any CPU.Deploy.0 = Release|Any CPU
		{8B9CC936-5AB7-44C9-8575-052603D19F02}.Release|iPhone.ActiveCfg = Release|Any CPU
		{8B9CC936-5AB7-44C9-8575-052603D19F02}.Release|iPhone.Build.0 = Release|Any CPU
		{8B9CC936-5AB7-44C9-8575-052603D19F02}.Release|iPhone.Deploy.0 = Release|Any CPU
		{8B9CC936-5AB7-44C9-8575-052603D19F02}.Release|iPhoneSimulator.ActiveCfg = Release|Any CPU
		{8B9CC936-5AB7-44C9-8575-052603D19F02}.Release|iPhoneSimulator.Build.0 = Release|Any CPU
		{8B9CC936-5AB7-44C9-8575-052603D19F02}.Release|iPhoneSimulator.Deploy.0 = Release|Any CPU
	EndGlobalSection
	GlobalSection(SolutionProperties) = preSolution
		HideSolutionNode = FALSE
	EndGlobalSection
	GlobalSection(ExtensibilityGlobals) = postSolution
		SolutionGuid = {C387149A-EA8F-40A1-97C4-AD556FEE51DB}
	EndGlobalSection
EndGlobal
